{
  "name": "pf2e-chex",
  "lockfileVersion": 3,
  "requires": true,
  "packages": {
    "": {
      "dependencies": {
        "knockout": "^3.5.1",
        "pixi.js": "^7.4.0"
      }
    },
    "node_modules/@pixi/accessibility": {
      "version": "7.4.0",
      "resolved": "https://registry.npmjs.org/@pixi/accessibility/-/accessibility-7.4.0.tgz",
      "integrity": "sha512-muosfpn333YNz2s7mtoVlKvcXswFOJ4r+5rePn3r/95KQIpuB+xX6pETuzGq0p8uOpKxtkNokGj5s2dyM0blHA==",
      "peerDependencies": {
        "@pixi/core": "7.4.0",
        "@pixi/display": "7.4.0",
        "@pixi/events": "7.4.0"
      }
    },
    "node_modules/@pixi/app": {
      "version": "7.4.0",
      "resolved": "https://registry.npmjs.org/@pixi/app/-/app-7.4.0.tgz",
      "integrity": "sha512-9pDB974rfuObG5YHvR7kdWhDiIV26b0GeC4vHRQB3bkmltguMi8SCQ9WQKH3WwRLaflzf9EMZpgX10cU1gLgKg==",
      "peerDependencies": {
        "@pixi/core": "7.4.0",
        "@pixi/display": "7.4.0"
      }
    },
    "node_modules/@pixi/assets": {
      "version": "7.4.0",
      "resolved": "https://registry.npmjs.org/@pixi/assets/-/assets-7.4.0.tgz",
      "integrity": "sha512-Z7J2ZYSZ41Pr3CK0IXgtVV1HiLm1sG0AOZHAPMwB82wNdIDvmWowo/LkXvQmSHFLxFlEz1hWOdOFs1daWAeIfg==",
      "dependencies": {
        "@types/css-font-loading-module": "^0.0.12"
      },
      "peerDependencies": {
        "@pixi/core": "7.4.0"
      }
    },
    "node_modules/@pixi/color": {
      "version": "7.4.0",
      "resolved": "https://registry.npmjs.org/@pixi/color/-/color-7.4.0.tgz",
      "integrity": "sha512-Qgn3OSW9SFCQ8wrm524anENwIAeRTORC014LkTqaBQrpuOUHrx11SCy4kNFaQyZWO1DCTe4m8g/foCK7zJM7cg==",
      "dependencies": {
        "@pixi/colord": "^2.9.6"
      }
    },
    "node_modules/@pixi/colord": {
      "version": "2.9.6",
      "resolved": "https://registry.npmjs.org/@pixi/colord/-/colord-2.9.6.tgz",
      "integrity": "sha512-nezytU2pw587fQstUu1AsJZDVEynjskwOL+kibwcdxsMBFqPsFFNA7xl0ii/gXuDi6M0xj3mfRJj8pBSc2jCfA=="
    },
    "node_modules/@pixi/compressed-textures": {
      "version": "7.4.0",
      "resolved": "https://registry.npmjs.org/@pixi/compressed-textures/-/compressed-textures-7.4.0.tgz",
      "integrity": "sha512-M9bpOFeUPuss57mbRtJOD8cGh+X8xsfx8YMBqWzQTAfbA8hsTQ+O4arbMTyIxqZnaTvpmhlhTKwaVaI2V15NAg==",
      "peerDependencies": {
        "@pixi/assets": "7.4.0",
        "@pixi/core": "7.4.0"
      }
    },
    "node_modules/@pixi/constants": {
      "version": "7.4.0",
      "resolved": "https://registry.npmjs.org/@pixi/constants/-/constants-7.4.0.tgz",
      "integrity": "sha512-jQMPMRqkOTjI4D0cHWqvu+pofw6bIa8861x2vp2kNsmM2zcBO/b01AlmILi5pEDk0nTumgzgmVHZ7dtT9KxfQw=="
    },
    "node_modules/@pixi/core": {
      "version": "7.4.0",
      "resolved": "https://registry.npmjs.org/@pixi/core/-/core-7.4.0.tgz",
      "integrity": "sha512-X6UiDzmdd2oRK3zQggDrWNIlw5rjZakByRIwI6MRgj17FGkpNkCY78dO1snZ6qnpUoo5M03aSUCFCfq6LKA5Bg==",
      "dependencies": {
        "@pixi/color": "7.4.0",
        "@pixi/constants": "7.4.0",
        "@pixi/extensions": "7.4.0",
        "@pixi/math": "7.4.0",
        "@pixi/runner": "7.4.0",
        "@pixi/settings": "7.4.0",
        "@pixi/ticker": "7.4.0",
        "@pixi/utils": "7.4.0"
      },
      "funding": {
        "type": "opencollective",
        "url": "https://opencollective.com/pixijs"
      }
    },
    "node_modules/@pixi/display": {
      "version": "7.4.0",
      "resolved": "https://registry.npmjs.org/@pixi/display/-/display-7.4.0.tgz",
      "integrity": "sha512-l+K6H9CqB2tQltpaxal3dIPPAOWhBWszrJm5EbK5sVVQFcaWXgeS/Hmniz0DhT7OpPmstcx4nii9hZgRkmMmEg==",
      "peerDependencies": {
        "@pixi/core": "7.4.0"
      }
    },
    "node_modules/@pixi/events": {
      "version": "7.4.0",
      "resolved": "https://registry.npmjs.org/@pixi/events/-/events-7.4.0.tgz",
      "integrity": "sha512-9hshDahiFDbl3ZJt9cqutST+2aIZ8/bT29VVFuN2f0ZHatbEHVl46jqu0IL8d+TAlNUr+SI/JEaPA6/MR9sH6w==",
      "peerDependencies": {
        "@pixi/core": "7.4.0",
        "@pixi/display": "7.4.0"
      }
    },
    "node_modules/@pixi/extensions": {
      "version": "7.4.0",
      "resolved": "https://registry.npmjs.org/@pixi/extensions/-/extensions-7.4.0.tgz",
      "integrity": "sha512-bX0aw6z2D9bJ5NOsrbuWXnBR7sy2z+dyq2EQ2/t0dF6Si764r8FiA0QUGFn9NJO1FTnB9LLjz7q4c0XaWF3mcg=="
    },
    "node_modules/@pixi/extract": {
      "version": "7.4.0",
      "resolved": "https://registry.npmjs.org/@pixi/extract/-/extract-7.4.0.tgz",
      "integrity": "sha512-PLOdi8LxnRBRTKLx5plA9hWsIObiQ44tKMcyaLIESXNoUGE3135Aih10Hg1whrQcG4n9EqRjNak7LtwKRylRbg==",
      "peerDependencies": {
        "@pixi/core": "7.4.0"
      }
    },
    "node_modules/@pixi/filter-alpha": {
      "version": "7.4.0",
      "resolved": "https://registry.npmjs.org/@pixi/filter-alpha/-/filter-alpha-7.4.0.tgz",
      "integrity": "sha512-1KjdTcU4drduzF1HDu1clxZgM7b6lfE1CKESlY5CizJSMMGcycOUQRq/TWK54xrsJTyPWwNu5ojma6dcIqLOrw==",
      "peerDependencies": {
        "@pixi/core": "7.4.0"
      }
    },
    "node_modules/@pixi/filter-blur": {
      "version": "7.4.0",
      "resolved": "https://registry.npmjs.org/@pixi/filter-blur/-/filter-blur-7.4.0.tgz",
      "integrity": "sha512-XUrhswyuc4+flpDL0fQcRuei8ctgYCdTxCuetSqpS+qdf4gOJyq5UyCwDycJiudZD6+R23svUX5OQOPwkWTsNA==",
      "peerDependencies": {
        "@pixi/core": "7.4.0"
      }
    },
    "node_modules/@pixi/filter-color-matrix": {
      "version": "7.4.0",
      "resolved": "https://registry.npmjs.org/@pixi/filter-color-matrix/-/filter-color-matrix-7.4.0.tgz",
      "integrity": "sha512-Ap5Fh6iJo5Mk6xMTia5KAWj9G0b4F3LiqrrWkM0y9gGzD5ei85Hd+XHHJtzWi+d4P/EWv7KlND6SnVcTZFgV4A==",
      "peerDependencies": {
        "@pixi/core": "7.4.0"
      }
    },
    "node_modules/@pixi/filter-displacement": {
      "version": "7.4.0",
      "resolved": "https://registry.npmjs.org/@pixi/filter-displacement/-/filter-displacement-7.4.0.tgz",
      "integrity": "sha512-fcFLxFge2V6o7LqIsz/goDTMbwLdHjGggbu9/t4+byNP5f+S2TTR3oT4nulTYhNQph5vyllhSPJgHoqXXRhTwg==",
      "peerDependencies": {
        "@pixi/core": "7.4.0"
      }
    },
    "node_modules/@pixi/filter-fxaa": {
      "version": "7.4.0",
      "resolved": "https://registry.npmjs.org/@pixi/filter-fxaa/-/filter-fxaa-7.4.0.tgz",
      "integrity": "sha512-W4l01ca9hJpjAfswRkw6UaCNh76E9ymigSVIBzhUUFwjfvVvIh7+O9SnEzkTVHsY15ANsznD0XZjgt3pW/wFbg==",
      "peerDependencies": {
        "@pixi/core": "7.4.0"
      }
    },
    "node_modules/@pixi/filter-noise": {
      "version": "7.4.0",
      "resolved": "https://registry.npmjs.org/@pixi/filter-noise/-/filter-noise-7.4.0.tgz",
      "integrity": "sha512-q2+CWODAJO79j0StJ+xakX4D8r8w/RLURRiyG+focTIj1ws/7sdDmDsV+jmeKm6pEktwgA3JYWIKZUnezlGf8g==",
      "peerDependencies": {
        "@pixi/core": "7.4.0"
      }
    },
    "node_modules/@pixi/graphics": {
      "version": "7.4.0",
      "resolved": "https://registry.npmjs.org/@pixi/graphics/-/graphics-7.4.0.tgz",
      "integrity": "sha512-9GcXbP/iTFEA5xwXx6sSwGyIYPd6XVhFJR7ALqqnlYC+FvvvHPoh7cN3HPa1Aw9dWpNRKUKuNcoOYPmd0O0aJA==",
      "peerDependencies": {
        "@pixi/core": "7.4.0",
        "@pixi/display": "7.4.0",
        "@pixi/sprite": "7.4.0"
      }
    },
    "node_modules/@pixi/math": {
      "version": "7.4.0",
      "resolved": "https://registry.npmjs.org/@pixi/math/-/math-7.4.0.tgz",
      "integrity": "sha512-9WCWKX5z/VOYGpsnXXQ73vg/IT+bUXCLO6miXuS5YPXNfw9RpvdV4ZgFmuQwPNM7wfFk5T7Uvfr8ZJRBCfKhZw=="
    },
    "node_modules/@pixi/mesh": {
      "version": "7.4.0",
      "resolved": "https://registry.npmjs.org/@pixi/mesh/-/mesh-7.4.0.tgz",
      "integrity": "sha512-Ql5B3q8UD898LTKTPAkveOU72tN9xD8CsLPuvmPSrjpE5FlyRhrS90JzD26/sz6H3B7Kfu2gRjilmujCzNvuWA==",
      "peerDependencies": {
        "@pixi/core": "7.4.0",
        "@pixi/display": "7.4.0"
      }
    },
    "node_modules/@pixi/mesh-extras": {
      "version": "7.4.0",
      "resolved": "https://registry.npmjs.org/@pixi/mesh-extras/-/mesh-extras-7.4.0.tgz",
      "integrity": "sha512-YMI72eDruRd3iUIxfFNW+siuwvvrBv4/A9GDeBySKdfqbMOnzi0GLjxvF88bcP7eujdJQDwzTnAV4hW0UNIkjw==",
      "peerDependencies": {
        "@pixi/core": "7.4.0",
        "@pixi/mesh": "7.4.0"
      }
    },
    "node_modules/@pixi/mixin-cache-as-bitmap": {
      "version": "7.4.0",
      "resolved": "https://registry.npmjs.org/@pixi/mixin-cache-as-bitmap/-/mixin-cache-as-bitmap-7.4.0.tgz",
      "integrity": "sha512-wFkwU19dCyY5m0JxiKf6UJwvR8XaGDWA/0VXZelBF+WwIj54uKjN4lNSnSApHHByFfq9BRka7B5C1fU9eZNOzg==",
      "peerDependencies": {
        "@pixi/core": "7.4.0",
        "@pixi/display": "7.4.0",
        "@pixi/sprite": "7.4.0"
      }
    },
    "node_modules/@pixi/mixin-get-child-by-name": {
      "version": "7.4.0",
      "resolved": "https://registry.npmjs.org/@pixi/mixin-get-child-by-name/-/mixin-get-child-by-name-7.4.0.tgz",
      "integrity": "sha512-GAWXSNnYtZyppxGVpt0lN2Iq6Z1MYuGeE/X5rYd5yO+Ra9VbUaslTRxf2y8H1TTWOPCIs8mcSTNdJTgElSfqbQ==",
      "peerDependencies": {
        "@pixi/display": "7.4.0"
      }
    },
    "node_modules/@pixi/mixin-get-global-position": {
      "version": "7.4.0",
      "resolved": "https://registry.npmjs.org/@pixi/mixin-get-global-position/-/mixin-get-global-position-7.4.0.tgz",
      "integrity": "sha512-u2EKXi7sv1zG2exk/bpjozBTOElBAsHnA0sHe0kz6sELpNBjv4g2n0Hwfl+qd69S+60zfN44ER+ihbFUWgD5VA==",
      "peerDependencies": {
        "@pixi/core": "7.4.0",
        "@pixi/display": "7.4.0"
      }
    },
    "node_modules/@pixi/particle-container": {
      "version": "7.4.0",
      "resolved": "https://registry.npmjs.org/@pixi/particle-container/-/particle-container-7.4.0.tgz",
      "integrity": "sha512-y3cB2EvgzfOm/pw4qBFsKOVoRzhzLy/FFj92DbD3bL5a6Z+YtKblkeWw3P5exzZJBTRn9sEk1vhzBb1HM/WEJw==",
      "peerDependencies": {
        "@pixi/core": "7.4.0",
        "@pixi/display": "7.4.0",
        "@pixi/sprite": "7.4.0"
      }
    },
    "node_modules/@pixi/prepare": {
      "version": "7.4.0",
      "resolved": "https://registry.npmjs.org/@pixi/prepare/-/prepare-7.4.0.tgz",
      "integrity": "sha512-qMRf0SPVYW6k0ZG19SdddwH/FErywEzkJtS7pCVrFy31RP4dF+ZunEffKNPm3Kf5b94JXd6+lIAxDy4tDVqXNQ==",
      "peerDependencies": {
        "@pixi/core": "7.4.0",
        "@pixi/display": "7.4.0",
        "@pixi/graphics": "7.4.0",
        "@pixi/text": "7.4.0"
      }
    },
    "node_modules/@pixi/runner": {
      "version": "7.4.0",
      "resolved": "https://registry.npmjs.org/@pixi/runner/-/runner-7.4.0.tgz",
      "integrity": "sha512-TIfocv2TD4xHOiGSpeu2y3GMN09cKEpxiS/rswdCU/aacfgSyvjEmskL/dbq/PSA4FCmjVHLyjgNPvd79WPZhQ=="
    },
    "node_modules/@pixi/settings": {
      "version": "7.4.0",
      "resolved": "https://registry.npmjs.org/@pixi/settings/-/settings-7.4.0.tgz",
      "integrity": "sha512-ODWmSVfLnn384xFsXp+NNV6mQ+AwoeI4FtN+tMcJ+w/qQTi+eq6VLIpgqNx2Z/TJESI4HY4jxL6qz4SJEs7SMA==",
      "dependencies": {
        "@pixi/constants": "7.4.0",
        "@types/css-font-loading-module": "^0.0.12",
        "ismobilejs": "^1.1.0"
      }
    },
    "node_modules/@pixi/sprite": {
      "version": "7.4.0",
      "resolved": "https://registry.npmjs.org/@pixi/sprite/-/sprite-7.4.0.tgz",
      "integrity": "sha512-+yQdq3aKS59s9uxiW066geWLCKYTRjtbdgE2qtyUP4pK/bYanWVWash7K8P3qVX8NQsQKjGvNPoa2fkP6MBE1Q==",
      "peerDependencies": {
        "@pixi/core": "7.4.0",
        "@pixi/display": "7.4.0"
      }
    },
    "node_modules/@pixi/sprite-animated": {
      "version": "7.4.0",
      "resolved": "https://registry.npmjs.org/@pixi/sprite-animated/-/sprite-animated-7.4.0.tgz",
      "integrity": "sha512-SVIO78hHqVvBg5kh13TES0oqmjBhjeQmCgXVzT1nC62Vxh/6AAd9JOKid706lXoqRgw7H7OhdunEWL6J2zN4KA==",
      "peerDependencies": {
        "@pixi/core": "7.4.0",
        "@pixi/sprite": "7.4.0"
      }
    },
    "node_modules/@pixi/sprite-tiling": {
      "version": "7.4.0",
      "resolved": "https://registry.npmjs.org/@pixi/sprite-tiling/-/sprite-tiling-7.4.0.tgz",
      "integrity": "sha512-q0wjrdhvqnfSRNYIJ0KHUIT0nARvlmBoKBtjEZLAnk1jQCFzrJIg4qfmsBNDSOzMVaAxAot0EbOLjld6EZmf8w==",
      "peerDependencies": {
        "@pixi/core": "7.4.0",
        "@pixi/display": "7.4.0",
        "@pixi/sprite": "7.4.0"
      }
    },
    "node_modules/@pixi/spritesheet": {
      "version": "7.4.0",
      "resolved": "https://registry.npmjs.org/@pixi/spritesheet/-/spritesheet-7.4.0.tgz",
      "integrity": "sha512-wztt4ne71AWDY4WMyuoMUrZlYVeKkubRTqT9HcPYxDEClxZAz1ggsr03PB4RGHbNQkVC1ImrAi9fa0D0PkyPYg==",
      "peerDependencies": {
        "@pixi/assets": "7.4.0",
        "@pixi/core": "7.4.0"
      }
    },
    "node_modules/@pixi/text": {
      "version": "7.4.0",
      "resolved": "https://registry.npmjs.org/@pixi/text/-/text-7.4.0.tgz",
      "integrity": "sha512-yVVeWYH6N+E38R+D7tvOVwDhbFxrInZ7fkOllfePu3KaKsUXbjklgtKUyPREs1LGJC8ffrpCPo1k9BVmwFA4Eg==",
      "peerDependencies": {
        "@pixi/core": "7.4.0",
        "@pixi/sprite": "7.4.0"
      }
    },
    "node_modules/@pixi/text-bitmap": {
      "version": "7.4.0",
      "resolved": "https://registry.npmjs.org/@pixi/text-bitmap/-/text-bitmap-7.4.0.tgz",
      "integrity": "sha512-OkYixlqMW9b1EHtEbSP9mgZEqI0WLN1KP4h2EyJk0LC9lH2Ybp3v7ZGHKAetGkSCt8PXY5AfXbcWtm+TgTWbJw==",
      "peerDependencies": {
        "@pixi/assets": "7.4.0",
        "@pixi/core": "7.4.0",
        "@pixi/display": "7.4.0",
        "@pixi/mesh": "7.4.0",
        "@pixi/text": "7.4.0"
      }
    },
    "node_modules/@pixi/text-html": {
      "version": "7.4.0",
      "resolved": "https://registry.npmjs.org/@pixi/text-html/-/text-html-7.4.0.tgz",
      "integrity": "sha512-HOSKLynkL4cXQdv7zMst7+vISKp4ueCdJpV2zwQJnwVa/dHKlMULQ4+F5yxbtgAF8fYcH3iNfFLaraFlx1hL5A==",
      "peerDependencies": {
        "@pixi/core": "7.4.0",
        "@pixi/display": "7.4.0",
        "@pixi/sprite": "7.4.0",
        "@pixi/text": "7.4.0"
      }
    },
    "node_modules/@pixi/ticker": {
      "version": "7.4.0",
      "resolved": "https://registry.npmjs.org/@pixi/ticker/-/ticker-7.4.0.tgz",
      "integrity": "sha512-GaDmk27tEpPfUVgVTNQWGuOYGu6ehqmVSGxecCv4No5KHP52+LihTC4YHO06zRxfyrIOgafooDL/vQiEMqas8g==",
      "dependencies": {
        "@pixi/extensions": "7.4.0",
        "@pixi/settings": "7.4.0",
        "@pixi/utils": "7.4.0"
      }
    },
    "node_modules/@pixi/utils": {
      "version": "7.4.0",
      "resolved": "https://registry.npmjs.org/@pixi/utils/-/utils-7.4.0.tgz",
      "integrity": "sha512-VBnxNGGg/uj7k1wmvyNZei2qpbFNN/kdQ2/mwNXJtFcFymVfijNZWRUNobpSRE/yHx40WGYzSm3ZJZrF4WxFzA==",
      "dependencies": {
        "@pixi/color": "7.4.0",
        "@pixi/constants": "7.4.0",
        "@pixi/settings": "7.4.0",
        "@types/earcut": "^2.1.0",
        "earcut": "^2.2.4",
        "eventemitter3": "^4.0.0",
        "url": "^0.11.0"
      }
    },
    "node_modules/@types/css-font-loading-module": {
      "version": "0.0.12",
      "resolved": "https://registry.npmjs.org/@types/css-font-loading-module/-/css-font-loading-module-0.0.12.tgz",
      "integrity": "sha512-x2tZZYkSxXqWvTDgveSynfjq/T2HyiZHXb00j/+gy19yp70PHCizM48XFdjBCWH7eHBD0R5i/pw9yMBP/BH5uA=="
    },
    "node_modules/@types/earcut": {
      "version": "2.1.4",
      "resolved": "https://registry.npmjs.org/@types/earcut/-/earcut-2.1.4.tgz",
      "integrity": "sha512-qp3m9PPz4gULB9MhjGID7wpo3gJ4bTGXm7ltNDsmOvsPduTeHp8wSW9YckBj3mljeOh4F0m2z/0JKAALRKbmLQ=="
    },
    "node_modules/call-bind": {
      "version": "1.0.5",
      "resolved": "https://registry.npmjs.org/call-bind/-/call-bind-1.0.5.tgz",
      "integrity": "sha512-C3nQxfFZxFRVoJoGKKI8y3MOEo129NQ+FgQ08iye+Mk4zNZZGdjfs06bVTr+DBSlA66Q2VEcMki/cUCP4SercQ==",
      "dependencies": {
        "function-bind": "^1.1.2",
        "get-intrinsic": "^1.2.1",
        "set-function-length": "^1.1.1"
      },
      "funding": {
        "url": "https://github.com/sponsors/ljharb"
      }
    },
    "node_modules/define-data-property": {
      "version": "1.1.1",
      "resolved": "https://registry.npmjs.org/define-data-property/-/define-data-property-1.1.1.tgz",
      "integrity": "sha512-E7uGkTzkk1d0ByLeSc6ZsFS79Axg+m1P/VsgYsxHgiuc3tFSj+MjMIwe90FC4lOAZzNBdY7kkO2P2wKdsQ1vgQ==",
      "dependencies": {
        "get-intrinsic": "^1.2.1",
        "gopd": "^1.0.1",
        "has-property-descriptors": "^1.0.0"
      },
      "engines": {
        "node": ">= 0.4"
      }
    },
    "node_modules/earcut": {
      "version": "2.2.4",
      "resolved": "https://registry.npmjs.org/earcut/-/earcut-2.2.4.tgz",
      "integrity": "sha512-/pjZsA1b4RPHbeWZQn66SWS8nZZWLQQ23oE3Eam7aroEFGEvwKAsJfZ9ytiEMycfzXWpca4FA9QIOehf7PocBQ=="
    },
    "node_modules/eventemitter3": {
      "version": "4.0.7",
      "resolved": "https://registry.npmjs.org/eventemitter3/-/eventemitter3-4.0.7.tgz",
      "integrity": "sha512-8guHBZCwKnFhYdHr2ysuRWErTwhoN2X8XELRlrRwpmfeY2jjuUN4taQMsULKUVo1K4DvZl+0pgfyoysHxvmvEw=="
    },
    "node_modules/function-bind": {
      "version": "1.1.2",
      "resolved": "https://registry.npmjs.org/function-bind/-/function-bind-1.1.2.tgz",
      "integrity": "sha512-7XHNxH7qX9xG5mIwxkhumTox/MIRNcOgDrxWsMt2pAr23WHp6MrRlN7FBSFpCpr+oVO0F744iUgR82nJMfG2SA==",
      "funding": {
        "url": "https://github.com/sponsors/ljharb"
      }
    },
    "node_modules/get-intrinsic": {
      "version": "1.2.2",
      "resolved": "https://registry.npmjs.org/get-intrinsic/-/get-intrinsic-1.2.2.tgz",
      "integrity": "sha512-0gSo4ml/0j98Y3lngkFEot/zhiCeWsbYIlZ+uZOVgzLyLaUw7wxUL+nCTP0XJvJg1AXulJRI3UJi8GsbDuxdGA==",
      "dependencies": {
        "function-bind": "^1.1.2",
        "has-proto": "^1.0.1",
        "has-symbols": "^1.0.3",
        "hasown": "^2.0.0"
      },
      "funding": {
        "url": "https://github.com/sponsors/ljharb"
      }
    },
    "node_modules/gopd": {
      "version": "1.0.1",
      "resolved": "https://registry.npmjs.org/gopd/-/gopd-1.0.1.tgz",
      "integrity": "sha512-d65bNlIadxvpb/A2abVdlqKqV563juRnZ1Wtk6s1sIR8uNsXR70xqIzVqxVf1eTqDunwT2MkczEeaezCKTZhwA==",
      "dependencies": {
        "get-intrinsic": "^1.1.3"
      },
      "funding": {
        "url": "https://github.com/sponsors/ljharb"
      }
    },
    "node_modules/has-property-descriptors": {
      "version": "1.0.1",
      "resolved": "https://registry.npmjs.org/has-property-descriptors/-/has-property-descriptors-1.0.1.tgz",
      "integrity": "sha512-VsX8eaIewvas0xnvinAe9bw4WfIeODpGYikiWYLH+dma0Jw6KHYqWiWfhQlgOVK8D6PvjubK5Uc4P0iIhIcNVg==",
      "dependencies": {
        "get-intrinsic": "^1.2.2"
      },
      "funding": {
        "url": "https://github.com/sponsors/ljharb"
      }
    },
    "node_modules/has-proto": {
      "version": "1.0.1",
      "resolved": "https://registry.npmjs.org/has-proto/-/has-proto-1.0.1.tgz",
      "integrity": "sha512-7qE+iP+O+bgF9clE5+UoBFzE65mlBiVj3tKCrlNQ0Ogwm0BjpT/gK4SlLYDMybDh5I3TCTKnPPa0oMG7JDYrhg==",
      "engines": {
        "node": ">= 0.4"
      },
      "funding": {
        "url": "https://github.com/sponsors/ljharb"
      }
    },
    "node_modules/has-symbols": {
      "version": "1.0.3",
      "resolved": "https://registry.npmjs.org/has-symbols/-/has-symbols-1.0.3.tgz",
      "integrity": "sha512-l3LCuF6MgDNwTDKkdYGEihYjt5pRPbEg46rtlmnSPlUbgmB8LOIrKJbYYFBSbnPaJexMKtiPO8hmeRjRz2Td+A==",
      "engines": {
        "node": ">= 0.4"
      },
      "funding": {
        "url": "https://github.com/sponsors/ljharb"
      }
    },
    "node_modules/hasown": {
      "version": "2.0.0",
      "resolved": "https://registry.npmjs.org/hasown/-/hasown-2.0.0.tgz",
      "integrity": "sha512-vUptKVTpIJhcczKBbgnS+RtcuYMB8+oNzPK2/Hp3hanz8JmpATdmmgLgSaadVREkDm+e2giHwY3ZRkyjSIDDFA==",
      "dependencies": {
        "function-bind": "^1.1.2"
      },
      "engines": {
        "node": ">= 0.4"
      }
    },
    "node_modules/ismobilejs": {
      "version": "1.1.1",
      "resolved": "https://registry.npmjs.org/ismobilejs/-/ismobilejs-1.1.1.tgz",
      "integrity": "sha512-VaFW53yt8QO61k2WJui0dHf4SlL8lxBofUuUmwBo0ljPk0Drz2TiuDW4jo3wDcv41qy/SxrJ+VAzJ/qYqsmzRw=="
    },
    "node_modules/knockout": {
      "version": "3.5.1",
      "resolved": "https://registry.npmjs.org/knockout/-/knockout-3.5.1.tgz",
      "integrity": "sha512-wRJ9I4az0QcsH7A4v4l0enUpkS++MBx0BnL/68KaLzJg7x1qmbjSlwEoCNol7KTYZ+pmtI7Eh2J0Nu6/2Z5J/Q=="
    },
    "node_modules/object-inspect": {
      "version": "1.13.1",
      "resolved": "https://registry.npmjs.org/object-inspect/-/object-inspect-1.13.1.tgz",
      "integrity": "sha512-5qoj1RUiKOMsCCNLV1CBiPYE10sziTsnmNxkAI/rZhiD63CF7IqdFGC/XzjWjpSgLf0LxXX3bDFIh0E18f6UhQ==",
      "funding": {
        "url": "https://github.com/sponsors/ljharb"
      }
    },
    "node_modules/pixi.js": {
      "version": "7.4.0",
      "resolved": "https://registry.npmjs.org/pixi.js/-/pixi.js-7.4.0.tgz",
      "integrity": "sha512-c2q3NG06RcSzgcyNieuC/ogzdaBKRoZvBlAiPdL8ubhJyEVCoSA+zitjsCe/m3t5cVrrjPnwo81ps+fg908hBw==",
      "dependencies": {
        "@pixi/accessibility": "7.4.0",
        "@pixi/app": "7.4.0",
        "@pixi/assets": "7.4.0",
        "@pixi/compressed-textures": "7.4.0",
        "@pixi/core": "7.4.0",
        "@pixi/display": "7.4.0",
        "@pixi/events": "7.4.0",
        "@pixi/extensions": "7.4.0",
        "@pixi/extract": "7.4.0",
        "@pixi/filter-alpha": "7.4.0",
        "@pixi/filter-blur": "7.4.0",
        "@pixi/filter-color-matrix": "7.4.0",
        "@pixi/filter-displacement": "7.4.0",
        "@pixi/filter-fxaa": "7.4.0",
        "@pixi/filter-noise": "7.4.0",
        "@pixi/graphics": "7.4.0",
        "@pixi/mesh": "7.4.0",
        "@pixi/mesh-extras": "7.4.0",
        "@pixi/mixin-cache-as-bitmap": "7.4.0",
        "@pixi/mixin-get-child-by-name": "7.4.0",
        "@pixi/mixin-get-global-position": "7.4.0",
        "@pixi/particle-container": "7.4.0",
        "@pixi/prepare": "7.4.0",
        "@pixi/sprite": "7.4.0",
        "@pixi/sprite-animated": "7.4.0",
        "@pixi/sprite-tiling": "7.4.0",
        "@pixi/spritesheet": "7.4.0",
        "@pixi/text": "7.4.0",
        "@pixi/text-bitmap": "7.4.0",
        "@pixi/text-html": "7.4.0"
      },
      "funding": {
        "type": "opencollective",
        "url": "https://opencollective.com/pixijs"
      }
    },
    "node_modules/punycode": {
      "version": "1.4.1",
      "resolved": "https://registry.npmjs.org/punycode/-/punycode-1.4.1.tgz",
      "integrity": "sha512-jmYNElW7yvO7TV33CjSmvSiE2yco3bV2czu/OzDKdMNVZQWfxCblURLhf+47syQRBntjfLdd/H0egrzIG+oaFQ=="
    },
    "node_modules/qs": {
      "version": "6.11.2",
      "resolved": "https://registry.npmjs.org/qs/-/qs-6.11.2.tgz",
      "integrity": "sha512-tDNIz22aBzCDxLtVH++VnTfzxlfeK5CbqohpSqpJgj1Wg/cQbStNAz3NuqCs5vV+pjBsK4x4pN9HlVh7rcYRiA==",
      "dependencies": {
        "side-channel": "^1.0.4"
      },
      "engines": {
        "node": ">=0.6"
      },
      "funding": {
        "url": "https://github.com/sponsors/ljharb"
      }
    },
    "node_modules/set-function-length": {
      "version": "1.2.0",
      "resolved": "https://registry.npmjs.org/set-function-length/-/set-function-length-1.2.0.tgz",
      "integrity": "sha512-4DBHDoyHlM1IRPGYcoxexgh67y4ueR53FKV1yyxwFMY7aCqcN/38M1+SwZ/qJQ8iLv7+ck385ot4CcisOAPT9w==",
      "dependencies": {
        "define-data-property": "^1.1.1",
        "function-bind": "^1.1.2",
        "get-intrinsic": "^1.2.2",
        "gopd": "^1.0.1",
        "has-property-descriptors": "^1.0.1"
      },
      "engines": {
        "node": ">= 0.4"
      }
    },
    "node_modules/side-channel": {
      "version": "1.0.4",
      "resolved": "https://registry.npmjs.org/side-channel/-/side-channel-1.0.4.tgz",
      "integrity": "sha512-q5XPytqFEIKHkGdiMIrY10mvLRvnQh42/+GoBlFW3b2LXLE2xxJpZFdm94we0BaoV3RwJyGqg5wS7epxTv0Zvw==",
      "dependencies": {
        "call-bind": "^1.0.0",
        "get-intrinsic": "^1.0.2",
        "object-inspect": "^1.9.0"
      },
      "funding": {
        "url": "https://github.com/sponsors/ljharb"
      }
    },
    "node_modules/url": {
      "version": "0.11.3",
      "resolved": "https://registry.npmjs.org/url/-/url-0.11.3.tgz",
      "integrity": "sha512-6hxOLGfZASQK/cijlZnZJTq8OXAkt/3YGfQX45vvMYXpZoo8NdWZcY73K108Jf759lS1Bv/8wXnHDTSz17dSRw==",
      "dependencies": {
        "punycode": "^1.4.1",
        "qs": "^6.11.2"
      }
    }
  }
}
